
Microsoft Visual Studio Solution File, Format Version 12.00
# Visual Studio Version 17
VisualStudioVersion = 17.14.36202.13 d17.14
MinimumVisualStudioVersion = 10.0.40219.1
Project("{FAE04EC0-301F-11D3-BF4B-00C04F79EFBC}") = "SimpleJournalApp.WebAPI", "SimpleJournalApp.WebAPI.csproj", "{EA454015-1FA1-4F50-98AE-DB13AAF38F49}"
EndProject
Project("{FAE04EC0-301F-11D3-BF4B-00C04F79EFBC}") = "SimpleJournalApp.Domain", "..\SimpleJournalApp.Domain\SimpleJournalApp.Domain.csproj", "{93D00D05-0B1F-4DDC-BC62-8D80F73AE350}"
EndProject
Project("{FAE04EC0-301F-11D3-BF4B-00C04F79EFBC}") = "SimpleJournalApp.Application", "..\SimpleJournalApp.Application\SimpleJournalApp.Application.csproj", "{5AC1510A-CAF8-4A6D-8742-E96D5272F6CA}"
EndProject
Project("{FAE04EC0-301F-11D3-BF4B-00C04F79EFBC}") = "SimpleJournalApp.Infrastructure", "..\SimpleJournalApp.Infrastructure\SimpleJournalApp.Infrastructure.csproj", "{F788F869-20FD-4C56-9B9A-6E53341D8783}"
EndProject
Global
	GlobalSection(SolutionConfigurationPlatforms) = preSolution
		Debug|Any CPU = Debug|Any CPU
		Release|Any CPU = Release|Any CPU
	EndGlobalSection
	GlobalSection(ProjectConfigurationPlatforms) = postSolution
		{EA454015-1FA1-4F50-98AE-DB13AAF38F49}.Debug|Any CPU.ActiveCfg = Debug|Any CPU
		{EA454015-1FA1-4F50-98AE-DB13AAF38F49}.Debug|Any CPU.Build.0 = Debug|Any CPU
		{EA454015-1FA1-4F50-98AE-DB13AAF38F49}.Release|Any CPU.ActiveCfg = Release|Any CPU
		{EA454015-1FA1-4F50-98AE-DB13AAF38F49}.Release|Any CPU.Build.0 = Release|Any CPU
		{93D00D05-0B1F-4DDC-BC62-8D80F73AE350}.Debug|Any CPU.ActiveCfg = Debug|Any CPU
		{93D00D05-0B1F-4DDC-BC62-8D80F73AE350}.Debug|Any CPU.Build.0 = Debug|Any CPU
		{93D00D05-0B1F-4DDC-BC62-8D80F73AE350}.Release|Any CPU.ActiveCfg = Release|Any CPU
		{93D00D05-0B1F-4DDC-BC62-8D80F73AE350}.Release|Any CPU.Build.0 = Release|Any CPU
		{5AC1510A-CAF8-4A6D-8742-E96D5272F6CA}.Debug|Any CPU.ActiveCfg = Debug|Any CPU
		{5AC1510A-CAF8-4A6D-8742-E96D5272F6CA}.Debug|Any CPU.Build.0 = Debug|Any CPU
		{5AC1510A-CAF8-4A6D-8742-E96D5272F6CA}.Release|Any CPU.ActiveCfg = Release|Any CPU
		{5AC1510A-CAF8-4A6D-8742-E96D5272F6CA}.Release|Any CPU.Build.0 = Release|Any CPU
		{F788F869-20FD-4C56-9B9A-6E53341D8783}.Debug|Any CPU.ActiveCfg = Debug|Any CPU
		{F788F869-20FD-4C56-9B9A-6E53341D8783}.Debug|Any CPU.Build.0 = Debug|Any CPU
		{F788F869-20FD-4C56-9B9A-6E53341D8783}.Release|Any CPU.ActiveCfg = Release|Any CPU
		{F788F869-20FD-4C56-9B9A-6E53341D8783}.Release|Any CPU.Build.0 = Release|Any CPU
	EndGlobalSection
	GlobalSection(SolutionProperties) = preSolution
		HideSolutionNode = FALSE
	EndGlobalSection
	GlobalSection(ExtensibilityGlobals) = postSolution
		SolutionGuid = {16C7BC29-99A1-42BB-8F70-89ADC745B248}
	EndGlobalSection
EndGlobal
